<?xml version="1.0" encoding="utf-8"?>
<Project ToolsVersion="4.0" xmlns="http://schemas.microsoft.com/developer/msbuild/2003">
  <ItemGroup>
    <ClCompile Include="Test PACE BMS.cpp" />
    <ClCompile Include="..\..\components\pace_bms\pace_bms.cpp">
      <Filter>components\pace_bms</Filter>
    </ClCompile>
    <ClCompile Include="..\..\components\pace_bms\pace_bms_v25.cpp">
      <Filter>components\pace_bms</Filter>
    </ClCompile>
    <ClCompile Include="..\..\components\pace_bms\select\pace_bms_select.cpp">
      <Filter>components\pace_bms\select</Filter>
    </ClCompile>
    <ClCompile Include="..\..\components\pace_bms\select\pace_bms_select_implementation.cpp">
      <Filter>components\pace_bms\select</Filter>
    </ClCompile>
    <ClCompile Include="..\..\components\pace_bms\sensor\pace_bms_sensor.cpp">
      <Filter>components\pace_bms\sensor</Filter>
    </ClCompile>
    <ClCompile Include="..\..\components\pace_bms\switch\pace_bms_switch.cpp">
      <Filter>components\pace_bms\switch</Filter>
    </ClCompile>
    <ClCompile Include="..\..\components\pace_bms\switch\pace_bms_switch_implementation.cpp">
      <Filter>components\pace_bms\switch</Filter>
    </ClCompile>
    <ClCompile Include="..\..\components\pace_bms\text_sensor\pace_bms_text_sensor.cpp">
      <Filter>components\pace_bms\text_sensor</Filter>
    </ClCompile>
    <ClCompile Include="..\..\components\pace_bms\button\pace_bms_button.cpp">
      <Filter>components\pace_bms\button</Filter>
    </ClCompile>
    <ClCompile Include="..\..\components\pace_bms\button\pace_bms_button_implementation.cpp">
      <Filter>components\pace_bms\button</Filter>
    </ClCompile>
    <ClCompile Include="..\..\components\pace_bms\number\pace_bms_number.cpp">
      <Filter>components\pace_bms\number</Filter>
    </ClCompile>
    <ClCompile Include="..\..\components\pace_bms\number\pace_bms_number_implementation.cpp">
      <Filter>components\pace_bms\number</Filter>
    </ClCompile>
    <ClCompile Include="..\..\components\pace_bms\datetime\pace_bms_datetime.cpp">
      <Filter>components\pace_bms\datetime</Filter>
    </ClCompile>
    <ClCompile Include="..\..\components\pace_bms\datetime\pace_bms_datetime_implementation.cpp">
      <Filter>components\pace_bms\datetime</Filter>
    </ClCompile>
    <ClCompile Include="..\..\components\pace_bms\pace_bms_v20.cpp">
      <Filter>components\pace_bms</Filter>
    </ClCompile>
  </ItemGroup>
  <ItemGroup>
    <ClInclude Include="..\..\components\pace_bms\pace_bms.h">
      <Filter>components\pace_bms</Filter>
    </ClInclude>
    <ClInclude Include="..\..\components\pace_bms\pace_bms_v25.h">
      <Filter>components\pace_bms</Filter>
    </ClInclude>
    <ClInclude Include="..\..\components\pace_bms\select\pace_bms_select.h">
      <Filter>components\pace_bms\select</Filter>
    </ClInclude>
    <ClInclude Include="..\..\components\pace_bms\select\pace_bms_select_implementation.h">
      <Filter>components\pace_bms\select</Filter>
    </ClInclude>
    <ClInclude Include="..\..\components\pace_bms\sensor\pace_bms_sensor.h">
      <Filter>components\pace_bms\sensor</Filter>
    </ClInclude>
    <ClInclude Include="..\..\components\pace_bms\switch\pace_bms_switch.h">
      <Filter>components\pace_bms\switch</Filter>
    </ClInclude>
    <ClInclude Include="..\..\components\pace_bms\switch\pace_bms_switch_implementation.h">
      <Filter>components\pace_bms\switch</Filter>
    </ClInclude>
    <ClInclude Include="..\..\components\pace_bms\text_sensor\pace_bms_text_sensor.h">
      <Filter>components\pace_bms\text_sensor</Filter>
    </ClInclude>
    <ClInclude Include="..\..\components\pace_bms\button\pace_bms_button.h">
      <Filter>components\pace_bms\button</Filter>
    </ClInclude>
    <ClInclude Include="..\..\components\pace_bms\button\pace_bms_button_implementation.h">
      <Filter>components\pace_bms\button</Filter>
    </ClInclude>
    <ClInclude Include="..\..\components\pace_bms\number\pace_bms_number.h">
      <Filter>components\pace_bms\number</Filter>
    </ClInclude>
    <ClInclude Include="..\..\components\pace_bms\number\pace_bms_number_implementation.h">
      <Filter>components\pace_bms\number</Filter>
    </ClInclude>
    <ClInclude Include="..\..\components\pace_bms\datetime\pace_bms_datetime.h">
      <Filter>components\pace_bms\datetime</Filter>
    </ClInclude>
    <ClInclude Include="..\..\components\pace_bms\datetime\pace_bms_datetime_implementation.h">
      <Filter>components\pace_bms\datetime</Filter>
    </ClInclude>
    <ClInclude Include="..\..\components\pace_bms\pace_bms_v20.h">
      <Filter>components\pace_bms</Filter>
    </ClInclude>
  </ItemGroup>
  <ItemGroup>
    <None Include="..\..\components\pace_bms\__init__.py">
      <Filter>components\pace_bms</Filter>
    </None>
    <None Include="..\..\components\pace_bms\text_sensor\__init__.py">
      <Filter>components\pace_bms\text_sensor</Filter>
    </None>
    <None Include="..\..\components\pace_bms\switch\__init__.py">
      <Filter>components\pace_bms\switch</Filter>
    </None>
    <None Include="..\..\components\pace_bms\sensor\__init__.py">
      <Filter>components\pace_bms\sensor</Filter>
    </None>
    <None Include="..\..\components\pace_bms\select\__init__.py">
      <Filter>components\pace_bms\select</Filter>
    </None>
    <None Include="..\..\ESP-01.yaml" />
    <None Include="..\..\ESP-01-dev.yaml" />
    <None Include="..\..\ESP-WROOM-32.yaml" />
    <None Include="..\..\components\pace_bms\button\__init__.py">
      <Filter>components\pace_bms\button</Filter>
    </None>
    <None Include="..\..\components\pace_bms\number\__init__.py">
      <Filter>components\pace_bms\number</Filter>
    </None>
    <None Include="..\..\ESP32-C3-dev.yaml" />
    <None Include="..\..\components\pace_bms\datetime\__init__.py">
      <Filter>components\pace_bms\datetime</Filter>
    </None>
    <None Include="..\..\ESP32-C3-0x25.yaml" />
  </ItemGroup>
  <ItemGroup>
    <Filter Include="components">
      <UniqueIdentifier>{d4337224-b6e1-4b99-8edc-7ea17fa02c60}</UniqueIdentifier>
    </Filter>
    <Filter Include="components\pace_bms">
      <UniqueIdentifier>{6c3676d6-59f1-45b3-a233-a80802d883e3}</UniqueIdentifier>
    </Filter>
    <Filter Include="components\pace_bms\text_sensor">
      <UniqueIdentifier>{f65bfcc2-45f2-422c-917a-45acfcbbfd3d}</UniqueIdentifier>
    </Filter>
    <Filter Include="components\pace_bms\switch">
      <UniqueIdentifier>{7a01abff-e76d-456e-9510-2dd73ab2638f}</UniqueIdentifier>
    </Filter>
    <Filter Include="components\pace_bms\sensor">
      <UniqueIdentifier>{bf52ee9c-292b-47a3-a721-9ee417a33c2e}</UniqueIdentifier>
    </Filter>
    <Filter Include="components\pace_bms\select">
      <UniqueIdentifier>{aea05c82-2a8f-4e11-9aee-25617eb3afdc}</UniqueIdentifier>
    </Filter>
    <Filter Include="components\pace_bms\button">
      <UniqueIdentifier>{8e6200c2-40bd-4af6-9c51-ec3e84bcf7b2}</UniqueIdentifier>
    </Filter>
    <Filter Include="components\pace_bms\number">
      <UniqueIdentifier>{511b70b5-4095-4af0-99a1-524615f98513}</UniqueIdentifier>
    </Filter>
    <Filter Include="components\pace_bms\datetime">
      <UniqueIdentifier>{0d4ab76e-2d9d-4c2c-9b78-84185a6ada36}</UniqueIdentifier>
    </Filter>
  </ItemGroup>
</Project>